// !$*UTF8*$!
{
	archiveVersion = 1;
	classes = {
	};
	objectVersion = 56;
	objects = {

/* Begin PBXBuildFile section */
		95EA769E2BBB742D0002180D /* EmailAuthenticatorApp.swift in Sources */ = {isa = PBXBuildFile; fileRef = 95EA769D2BBB742D0002180D /* EmailAuthenticatorApp.swift */; };
		95EA76A02BBB742D0002180D /* ContentView.swift in Sources */ = {isa = PBXBuildFile; fileRef = 95EA769F2BBB742D0002180D /* ContentView.swift */; };
		95EA76A22BBB742E0002180D /* Assets.xcassets in Resources */ = {isa = PBXBuildFile; fileRef = 95EA76A12BBB742E0002180D /* Assets.xcassets */; };
		95EA76A52BBB742E0002180D /* Preview Assets.xcassets in Resources */ = {isa = PBXBuildFile; fileRef = 95EA76A42BBB742E0002180D /* Preview Assets.xcassets */; };
		95EA76BB2BBB75160002180D /* FirebaseAuth in Frameworks */ = {isa = PBXBuildFile; productRef = 95EA76BA2BBB75160002180D /* FirebaseAuth */; };
		95EA76BD2BBB751E0002180D /* Lottie in Frameworks */ = {isa = PBXBuildFile; productRef = 95EA76BC2BBB751E0002180D /* Lottie */; };
		95EA76BF2BBB76090002180D /* GoogleService-Info.plist in Resources */ = {isa = PBXBuildFile; fileRef = 95EA76BE2BBB76090002180D /* GoogleService-Info.plist */; };
		95EA76C22BBB76540002180D /* Login.swift in Sources */ = {isa = PBXBuildFile; fileRef = 95EA76C12BBB76540002180D /* Login.swift */; };
		95EA76C42BBBA1CC0002180D /* EmailAnimation.json in Resources */ = {isa = PBXBuildFile; fileRef = 95EA76C32BBBA1CC0002180D /* EmailAnimation.json */; };
		95EA76C62BBBA66E0002180D /* Home.swift in Sources */ = {isa = PBXBuildFile; fileRef = 95EA76C52BBBA66E0002180D /* Home.swift */; };
/* End PBXBuildFile section */

/* Begin PBXFileReference section */
		95EA769A2BBB742D0002180D /* EmailAuthenticator.app */ = {isa = PBXFileReference; explicitFileType = wrapper.application; includeInIndex = 0; path = EmailAuthenticator.app; sourceTree = BUILT_PRODUCTS_DIR; };
		95EA769D2BBB742D0002180D /* EmailAuthenticatorApp.swift */ = {isa = PBXFileReference; lastKnownFileType = sourcecode.swift; path = EmailAuthenticatorApp.swift; sourceTree = "<group>"; };
		95EA769F2BBB742D0002180D /* ContentView.swift */ = {isa = PBXFileReference; lastKnownFileType = sourcecode.swift; path = ContentView.swift; sourceTree = "<group>"; };
		95EA76A12BBB742E0002180D /* Assets.xcassets */ = {isa = PBXFileReference; lastKnownFileType = folder.assetcatalog; path = Assets.xcassets; sourceTree = "<group>"; };
		95EA76A42BBB742E0002180D /* Preview Assets.xcassets */ = {isa = PBXFileReference; lastKnownFileType = folder.assetcatalog; path = "Preview Assets.xcassets"; sourceTree = "<group>"; };
		95EA76BE2BBB76090002180D /* GoogleService-Info.plist */ = {isa = PBXFileReference; fileEncoding = 4; lastKnownFileType = text.plist.xml; path = "GoogleService-Info.plist"; sourceTree = "<group>"; };
		95EA76C12BBB76540002180D /* Login.swift */ = {isa = PBXFileReference; lastKnownFileType = sourcecode.swift; path = Login.swift; sourceTree = "<group>"; };
		95EA76C32BBBA1CC0002180D /* EmailAnimation.json */ = {isa = PBXFileReference; fileEncoding = 4; lastKnownFileType = text.json; path = EmailAnimation.json; sourceTree = "<group>"; };
		95EA76C52BBBA66E0002180D /* Home.swift */ = {isa = PBXFileReference; lastKnownFileType = sourcecode.swift; path = Home.swift; sourceTree = "<group>"; };
/* End PBXFileReference section */

/* Begin PBXFrameworksBuildPhase section */
		95EA76972BBB742D0002180D /* Frameworks */ = {
			isa = PBXFrameworksBuildPhase;
			buildActionMask = 2147483647;
			files = (
				95EA76BB2BBB75160002180D /* FirebaseAuth in Frameworks */,
				95EA76BD2BBB751E0002180D /* Lottie in Frameworks */,
			);
			runOnlyForDeploymentPostprocessing = 0;
		};
/* End PBXFrameworksBuildPhase section */

/* Begin PBXGroup section */
		95EA76912BBB742D0002180D = {
			isa = PBXGroup;
			children = (
				95EA76C32BBBA1CC0002180D /* EmailAnimation.json */,
				95EA76BE2BBB76090002180D /* GoogleService-Info.plist */,
				95EA769C2BBB742D0002180D /* EmailAuthenticator */,
				95EA769B2BBB742D0002180D /* Products */,
				95EA76B92BBB75160002180D /* Frameworks */,
			);
			sourceTree = "<group>";
		};
		95EA769B2BBB742D0002180D /* Products */ = {
			isa = PBXGroup;
			children = (
				95EA769A2BBB742D0002180D /* EmailAuthenticator.app */,
			);
			name = Products;
			sourceTree = "<group>";
		};
		95EA769C2BBB742D0002180D /* EmailAuthenticator */ = {
			isa = PBXGroup;
			children = (
				95EA76C02BBB76470002180D /* View */,
				95EA769D2BBB742D0002180D /* EmailAuthenticatorApp.swift */,
				95EA769F2BBB742D0002180D /* ContentView.swift */,
				95EA76A12BBB742E0002180D /* Assets.xcassets */,
				95EA76A32BBB742E0002180D /* Preview Content */,
			);
			path = EmailAuthenticator;
			sourceTree = "<group>";
		};
		95EA76A32BBB742E0002180D /* Preview Content */ = {
			isa = PBXGroup;
			children = (
				95EA76A42BBB742E0002180D /* Preview Assets.xcassets */,
			);
			path = "Preview Content";
			sourceTree = "<group>";
		};
		95EA76B92BBB75160002180D /* Frameworks */ = {
			isa = PBXGroup;
			children = (
			);
			name = Frameworks;
			sourceTree = "<group>";
		};
		95EA76C02BBB76470002180D /* View */ = {
			isa = PBXGroup;
			children = (
				95EA76C12BBB76540002180D /* Login.swift */,
				95EA76C52BBBA66E0002180D /* Home.swift */,
			);
			path = View;
			sourceTree = "<group>";
		};
/* End PBXGroup section */

/* Begin PBXNativeTarget section */
		95EA76992BBB742D0002180D /* EmailAuthenticator */ = {
			isa = PBXNativeTarget;
			buildConfigurationList = 95EA76A82BBB742E0002180D /* Build configuration list for PBXNativeTarget "EmailAuthenticator" */;
			buildPhases = (
				95EA76962BBB742D0002180D /* Sources */,
				95EA76972BBB742D0002180D /* Frameworks */,
				95EA76982BBB742D0002180D /* Resources */,
			);
			buildRules = (
			);
			dependencies = (
			);
			name = EmailAuthenticator;
			packageProductDependencies = (
				95EA76BA2BBB75160002180D /* FirebaseAuth */,
				95EA76BC2BBB751E0002180D /* Lottie */,
			);
			productName = EmailAuthenticator;
			productReference = 95EA769A2BBB742D0002180D /* EmailAuthenticator.app */;
			productType = "com.apple.product-type.application";
		};
/* End PBXNativeTarget section */

/* Begin PBXProject section */
		95EA76922BBB742D0002180D /* Project object */ = {
			isa = PBXProject;
			attributes = {
				BuildIndependentTargetsInParallel = 1;
				LastSwiftUpdateCheck = 1510;
				LastUpgradeCheck = 1510;
				TargetAttributes = {
					95EA76992BBB742D0002180D = {
						CreatedOnToolsVersion = 15.1;
					};
				};
			};
			buildConfigurationList = 95EA76952BBB742D0002180D /* Build configuration list for PBXProject "EmailAuthenticator" */;
			compatibilityVersion = "Xcode 14.0";
			developmentRegion = en;
			hasScannedForEncodings = 0;
			knownRegions = (
				en,
				Base,
			);
			mainGroup = 95EA76912BBB742D0002180D;
			packageReferences = (
				95EA76AB2BBB74750002180D /* XCRemoteSwiftPackageReference "firebase-ios-sdk" */,
				95EA76B62BBB74ED0002180D /* XCRemoteSwiftPackageReference "lottie-ios" */,
			);
			productRefGroup = 95EA769B2BBB742D0002180D /* Products */;
			projectDirPath = "";
			projectRoot = "";
			targets = (
				95EA76992BBB742D0002180D /* EmailAuthenticator */,
			);
		};
/* End PBXProject section */

/* Begin PBXResourcesBuildPhase section */
		95EA76982BBB742D0002180D /* Resources */ = {
			isa = PBXResourcesBuildPhase;
			buildActionMask = 2147483647;
			files = (
				95EA76C42BBBA1CC0002180D /* EmailAnimation.json in Resources */,
				95EA76A52BBB742E0002180D /* Preview Assets.xcassets in Resources */,
				95EA76A22BBB742E0002180D /* Assets.xcassets in Resources */,
				95EA76BF2BBB76090002180D /* GoogleService-Info.plist in Resources */,
			);
			runOnlyForDeploymentPostprocessing = 0;
		};
/* End PBXResourcesBuildPhase section */

/* Begin PBXSourcesBuildPhase section */
		95EA76962BBB742D0002180D /* Sources */ = {
			isa = PBXSourcesBuildPhase;
			buildActionMask = 2147483647;
			files = (
				95EA76C22BBB76540002180D /* Login.swift in Sources */,
				95EA76A02BBB742D0002180D /* ContentView.swift in Sources */,
				95EA76C62BBBA66E0002180D /* Home.swift in Sources */,
				95EA769E2BBB742D0002180D /* EmailAuthenticatorApp.swift in Sources */,
			);
			runOnlyForDeploymentPostprocessing = 0;
		};
/* End PBXSourcesBuildPhase section */

/* Begin XCBuildConfiguration section */
		95EA76A62BBB742E0002180D /* Debug */ = {
			isa = XCBuildConfiguration;
			buildSettings = {
				ALWAYS_SEARCH_USER_PATHS = NO;
				ASSETCATALOG_COMPILER_GENERATE_SWIFT_ASSET_SYMBOL_EXTENSIONS = YES;
				CLANG_ANALYZER_NONNULL = YES;
				CLANG_ANALYZER_NUMBER_OBJECT_CONVERSION = YES_AGGRESSIVE;
				CLANG_CXX_LANGUAGE_STANDARD = "gnu++20";
				CLANG_ENABLE_MODULES = YES;
				CLANG_ENABLE_OBJC_ARC = YES;
				CLANG_ENABLE_OBJC_WEAK = YES;
				CLANG_WARN_BLOCK_CAPTURE_AUTORELEASING = YES;
				CLANG_WARN_BOOL_CONVERSION = YES;
				CLANG_WARN_COMMA = YES;
				CLANG_WARN_CONSTANT_CONVERSION = YES;
				CLANG_WARN_DEPRECATED_OBJC_IMPLEMENTATIONS = YES;
				CLANG_WARN_DIRECT_OBJC_ISA_USAGE = YES_ERROR;
				CLANG_WARN_DOCUMENTATION_COMMENTS = YES;
				CLANG_WARN_EMPTY_BODY = YES;
				CLANG_WARN_ENUM_CONVERSION = YES;
				CLANG_WARN_INFINITE_RECURSION = YES;
				CLANG_WARN_INT_CONVERSION = YES;
				CLANG_WARN_NON_LITERAL_NULL_CONVERSION = YES;
				CLANG_WARN_OBJC_IMPLICIT_RETAIN_SELF = YES;
				CLANG_WARN_OBJC_LITERAL_CONVERSION = YES;
				CLANG_WARN_OBJC_ROOT_CLASS = YES_ERROR;
				CLANG_WARN_QUOTED_INCLUDE_IN_FRAMEWORK_HEADER = YES;
				CLANG_WARN_RANGE_LOOP_ANALYSIS = YES;
				CLANG_WARN_STRICT_PROTOTYPES = YES;
				CLANG_WARN_SUSPICIOUS_MOVE = YES;
				CLANG_WARN_UNGUARDED_AVAILABILITY = YES_AGGRESSIVE;
				CLANG_WARN_UNREACHABLE_CODE = YES;
				CLANG_WARN__DUPLICATE_METHOD_MATCH = YES;
				COPY_PHASE_STRIP = NO;
				DEBUG_INFORMATION_FORMAT = dwarf;
				ENABLE_STRICT_OBJC_MSGSEND = YES;
				ENABLE_TESTABILITY = YES;
				ENABLE_USER_SCRIPT_SANDBOXING = YES;
				GCC_C_LANGUAGE_STANDARD = gnu17;
				GCC_DYNAMIC_NO_PIC = NO;
				GCC_NO_COMMON_BLOCKS = YES;
				GCC_OPTIMIZATION_LEVEL = 0;
				GCC_PREPROCESSOR_DEFINITIONS = (
					"DEBUG=1",
					"$(inherited)",
				);
				GCC_WARN_64_TO_32_BIT_CONVERSION = YES;
				GCC_WARN_ABOUT_RETURN_TYPE = YES_ERROR;
				GCC_WARN_UNDECLARED_SELECTOR = YES;
				GCC_WARN_UNINITIALIZED_AUTOS = YES_AGGRESSIVE;
				GCC_WARN_UNUSED_FUNCTION = YES;
				GCC_WARN_UNUSED_VARIABLE = YES;
				IPHONEOS_DEPLOYMENT_TARGET = 17.2;
				LOCALIZATION_PREFERS_STRING_CATALOGS = YES;
				MTL_ENABLE_DEBUG_INFO = INCLUDE_SOURCE;
				MTL_FAST_MATH = YES;
				ONLY_ACTIVE_ARCH = YES;
				SDKROOT = iphoneos;
				SWIFT_ACTIVE_COMPILATION_CONDITIONS = "DEBUG $(inherited)";
				SWIFT_OPTIMIZATION_LEVEL = "-Onone";
			};
			name = Debug;
		};
		95EA76A72BBB742E0002180D /* Release */ = {
			isa = XCBuildConfiguration;
			buildSettings = {
				ALWAYS_SEARCH_USER_PATHS = NO;
				ASSETCATALOG_COMPILER_GENERATE_SWIFT_ASSET_SYMBOL_EXTENSIONS = YES;
				CLANG_ANALYZER_NONNULL = YES;
				CLANG_ANALYZER_NUMBER_OBJECT_CONVERSION = YES_AGGRESSIVE;
				CLANG_CXX_LANGUAGE_STANDARD = "gnu++20";
				CLANG_ENABLE_MODULES = YES;
				CLANG_ENABLE_OBJC_ARC = YES;
				CLANG_ENABLE_OBJC_WEAK = YES;
				CLANG_WARN_BLOCK_CAPTURE_AUTORELEASING = YES;
				CLANG_WARN_BOOL_CONVERSION = YES;
				CLANG_WARN_COMMA = YES;
				CLANG_WARN_CONSTANT_CONVERSION = YES;
				CLANG_WARN_DEPRECATED_OBJC_IMPLEMENTATIONS = YES;
				CLANG_WARN_DIRECT_OBJC_ISA_USAGE = YES_ERROR;
				CLANG_WARN_DOCUMENTATION_COMMENTS = YES;
				CLANG_WARN_EMPTY_BODY = YES;
				CLANG_WARN_ENUM_CONVERSION = YES;
				CLANG_WARN_INFINITE_RECURSION = YES;
				CLANG_WARN_INT_CONVERSION = YES;
				CLANG_WARN_NON_LITERAL_NULL_CONVERSION = YES;
				CLANG_WARN_OBJC_IMPLICIT_RETAIN_SELF = YES;
				CLANG_WARN_OBJC_LITERAL_CONVERSION = YES;
				CLANG_WARN_OBJC_ROOT_CLASS = YES_ERROR;
				CLANG_WARN_QUOTED_INCLUDE_IN_FRAMEWORK_HEADER = YES;
				CLANG_WARN_RANGE_LOOP_ANALYSIS = YES;
				CLANG_WARN_STRICT_PROTOTYPES = YES;
				CLANG_WARN_SUSPICIOUS_MOVE = YES;
				CLANG_WARN_UNGUARDED_AVAILABILITY = YES_AGGRESSIVE;
				CLANG_WARN_UNREACHABLE_CODE = YES;
				CLANG_WARN__DUPLICATE_METHOD_MATCH = YES;
				COPY_PHASE_STRIP = NO;
				DEBUG_INFORMATION_FORMAT = "dwarf-with-dsym";
				ENABLE_NS_ASSERTIONS = NO;
				ENABLE_STRICT_OBJC_MSGSEND = YES;
				ENABLE_USER_SCRIPT_SANDBOXING = YES;
				GCC_C_LANGUAGE_STANDARD = gnu17;
				GCC_NO_COMMON_BLOCKS = YES;
				GCC_WARN_64_TO_32_BIT_CONVERSION = YES;
				GCC_WARN_ABOUT_RETURN_TYPE = YES_ERROR;
				GCC_WARN_UNDECLARED_SELECTOR = YES;
				GCC_WARN_UNINITIALIZED_AUTOS = YES_AGGRESSIVE;
				GCC_WARN_UNUSED_FUNCTION = YES;
				GCC_WARN_UNUSED_VARIABLE = YES;
				IPHONEOS_DEPLOYMENT_TARGET = 17.2;
				LOCALIZATION_PREFERS_STRING_CATALOGS = YES;
				MTL_ENABLE_DEBUG_INFO = NO;
				MTL_FAST_MATH = YES;
				SDKROOT = iphoneos;
				SWIFT_COMPILATION_MODE = wholemodule;
				VALIDATE_PRODUCT = YES;
			};
			name = Release;
		};
		95EA76A92BBB742E0002180D /* Debug */ = {
			isa = XCBuildConfiguration;
			buildSettings = {
				ASSETCATALOG_COMPILER_APPICON_NAME = AppIcon;
				ASSETCATALOG_COMPILER_GLOBAL_ACCENT_COLOR_NAME = AccentColor;
				CODE_SIGN_STYLE = Automatic;
				CURRENT_PROJECT_VERSION = 1;
				DEVELOPMENT_ASSET_PATHS = "\"EmailAuthenticator/Preview Content\"";
				DEVELOPMENT_TEAM = KT4T7V7242;
				ENABLE_PREVIEWS = YES;
				GENERATE_INFOPLIST_FILE = YES;
				INFOPLIST_KEY_UIApplicationSceneManifest_Generation = YES;
				INFOPLIST_KEY_UIApplicationSupportsIndirectInputEvents = YES;
				INFOPLIST_KEY_UILaunchScreen_Generation = YES;
				INFOPLIST_KEY_UISupportedInterfaceOrientations_iPad = "UIInterfaceOrientationPortrait UIInterfaceOrientationPortraitUpsideDown UIInterfaceOrientationLandscapeLeft UIInterfaceOrientationLandscapeRight";
				INFOPLIST_KEY_UISupportedInterfaceOrientations_iPhone = "UIInterfaceOrientationPortrait UIInterfaceOrientationLandscapeLeft UIInterfaceOrientationLandscapeRight";
				LD_RUNPATH_SEARCH_PATHS = (
					"$(inherited)",
					"@executable_path/Frameworks",
				);
				MARKETING_VERSION = 1.0;
				PRODUCT_BUNDLE_IDENTIFIER = me.marku.jasin.EmailAuthenticator;
				PRODUCT_NAME = "$(TARGET_NAME)";
				SWIFT_EMIT_LOC_STRINGS = YES;
				SWIFT_VERSION = 5.0;
				TARGETED_DEVICE_FAMILY = "1,2";
			};
			name = Debug;
		};
		95EA76AA2BBB742E0002180D /* Release */ = {
			isa = XCBuildConfiguration;
			buildSettings = {
				ASSETCATALOG_COMPILER_APPICON_NAME = AppIcon;
				ASSETCATALOG_COMPILER_GLOBAL_ACCENT_COLOR_NAME = AccentColor;
				CODE_SIGN_STYLE = Automatic;
				CURRENT_PROJECT_VERSION = 1;
				DEVELOPMENT_ASSET_PATHS = "\"EmailAuthenticator/Preview Content\"";
				DEVELOPMENT_TEAM = KT4T7V7242;
				ENABLE_PREVIEWS = YES;
				GENERATE_INFOPLIST_FILE = YES;
				INFOPLIST_KEY_UIApplicationSceneManifest_Generation = YES;
				INFOPLIST_KEY_UIApplicationSupportsIndirectInputEvents = YES;
				INFOPLIST_KEY_UILaunchScreen_Generation = YES;
				INFOPLIST_KEY_UISupportedInterfaceOrientations_iPad = "UIInterfaceOrientationPortrait UIInterfaceOrientationPortraitUpsideDown UIInterfaceOrientationLandscapeLeft UIInterfaceOrientationLandscapeRight";
				INFOPLIST_KEY_UISupportedInterfaceOrientations_iPhone = "UIInterfaceOrientationPortrait UIInterfaceOrientationLandscapeLeft UIInterfaceOrientationLandscapeRight";
				LD_RUNPATH_SEARCH_PATHS = (
					"$(inherited)",
					"@executable_path/Frameworks",
				);
				MARKETING_VERSION = 1.0;
				PRODUCT_BUNDLE_IDENTIFIER = me.marku.jasin.EmailAuthenticator;
				PRODUCT_NAME = "$(TARGET_NAME)";
				SWIFT_EMIT_LOC_STRINGS = YES;
				SWIFT_VERSION = 5.0;
				TARGETED_DEVICE_FAMILY = "1,2";
			};
			name = Release;
		};
/* End XCBuildConfiguration section */

/* Begin XCConfigurationList section */
		95EA76952BBB742D0002180D /* Build configuration list for PBXProject "EmailAuthenticator" */ = {
			isa = XCConfigurationList;
			buildConfigurations = (
				95EA76A62BBB742E0002180D /* Debug */,
				95EA76A72BBB742E0002180D /* Release */,
			);
			defaultConfigurationIsVisible = 0;
			defaultConfigurationName = Release;
		};
		95EA76A82BBB742E0002180D /* Build configuration list for PBXNativeTarget "EmailAuthenticator" */ = {
			isa = XCConfigurationList;
			buildConfigurations = (
				95EA76A92BBB742E0002180D /* Debug */,
				95EA76AA2BBB742E0002180D /* Release */,
			);
			defaultConfigurationIsVisible = 0;
			defaultConfigurationName = Release;
		};
/* End XCConfigurationList section */

/* Begin XCRemoteSwiftPackageReference section */
		95EA76AB2BBB74750002180D /* XCRemoteSwiftPackageReference "firebase-ios-sdk" */ = {
			isa = XCRemoteSwiftPackageReference;
			repositoryURL = "https://github.com/firebase/firebase-ios-sdk.git";
			requirement = {
				kind = upToNextMajorVersion;
				minimumVersion = 10.23.1;
			};
		};
		95EA76B62BBB74ED0002180D /* XCRemoteSwiftPackageReference "lottie-ios" */ = {
			isa = XCRemoteSwiftPackageReference;
			repositoryURL = "https://github.com/airbnb/lottie-ios";
			requirement = {
				kind = upToNextMajorVersion;
				minimumVersion = 4.4.1;
			};
		};
/* End XCRemoteSwiftPackageReference section */

/* Begin XCSwiftPackageProductDependency section */
		95EA76BA2BBB75160002180D /* FirebaseAuth */ = {
			isa = XCSwiftPackageProductDependency;
			package = 95EA76AB2BBB74750002180D /* XCRemoteSwiftPackageReference "firebase-ios-sdk" */;
			productName = FirebaseAuth;
		};
		95EA76BC2BBB751E0002180D /* Lottie */ = {
			isa = XCSwiftPackageProductDependency;
			package = 95EA76B62BBB74ED0002180D /* XCRemoteSwiftPackageReference "lottie-ios" */;
			productName = Lottie;
		};
/* End XCSwiftPackageProductDependency section */
	};
	rootObject = 95EA76922BBB742D0002180D /* Project object */;
}
